
Microsoft Visual Studio Solution File, Format Version 12.00
# Visual Studio Version 16
VisualStudioVersion = 16.0.31402.337
MinimumVisualStudioVersion = 10.0.40219.1
Project("{9A19103F-16F7-4668-BE54-9A1E7A4F7556}") = "JodyCore2.ConsoleApp", "JodyCore2.ConsoleApp\JodyCore2.ConsoleApp.csproj", "{C7F51726-095B-4D3A-BA99-7DB0CEEE3132}"
EndProject
Project("{2150E333-8FDC-42A3-9474-1A3956D46DE8}") = "Solution Items", "Solution Items", "{9C3CAC3F-0728-4D3A-8845-A5E83595E06F}"
	ProjectSection(SolutionItems) = preProject
		dockerhelp.txt = dockerhelp.txt
		DtoPlan.txt = DtoPlan.txt
		entityframeworkmigrationshelp.txt = entityframeworkmigrationshelp.txt
	EndProjectSection
EndProject
Project("{FAE04EC0-301F-11D3-BF4B-00C04F79EFBC}") = "JodyCore2.Data", "JodyCore2.Data\JodyCore2.Data.csproj", "{8EF24FB5-3A2C-4DCB-9336-3C3F7807688B}"
EndProject
Project("{FAE04EC0-301F-11D3-BF4B-00C04F79EFBC}") = "JodyCore2.Domain", "JodyCore2.Domain\JodyCore2.Domain.csproj", "{C4AA8407-E47E-4C6A-B12C-F80603D1E425}"
EndProject
Project("{FAE04EC0-301F-11D3-BF4B-00C04F79EFBC}") = "JodyCore2.Service", "JodyCore2.Service\JodyCore2.Service.csproj", "{D73B96D5-C33C-4050-876D-38A6F6B3DD9C}"
EndProject
Project("{FAE04EC0-301F-11D3-BF4B-00C04F79EFBC}") = "JodyCore2.Test.Domain", "JodyCore2.Test.Domain\JodyCore2.Test.Domain.csproj", "{9C276BD4-CA2A-4947-91CF-98CB64DB38A7}"
EndProject
Project("{FAE04EC0-301F-11D3-BF4B-00C04F79EFBC}") = "JodyCore2.Test.Data", "JodyCore2.Test.Data\JodyCore2.Test.Data.csproj", "{A63D1C89-AA18-4096-9981-B6ADB1F33BD9}"
EndProject
Project("{FAE04EC0-301F-11D3-BF4B-00C04F79EFBC}") = "JodyCore2.Test.Service", "JodyCore2.Test.Service\JodyCore2.Test.Service.csproj", "{5039AFEC-0C72-4AE5-A4C7-EC7641A05937}"
EndProject
Project("{FAE04EC0-301F-11D3-BF4B-00C04F79EFBC}") = "JodyCore2.Web", "JodyCore2.Web\JodyCore2.Web.csproj", "{DE189179-3FB4-418B-9601-B46E035EFC99}"
EndProject
Global
	GlobalSection(SolutionConfigurationPlatforms) = preSolution
		Debug|Any CPU = Debug|Any CPU
		Release|Any CPU = Release|Any CPU
	EndGlobalSection
	GlobalSection(ProjectConfigurationPlatforms) = postSolution
		{C7F51726-095B-4D3A-BA99-7DB0CEEE3132}.Debug|Any CPU.ActiveCfg = Debug|Any CPU
		{C7F51726-095B-4D3A-BA99-7DB0CEEE3132}.Debug|Any CPU.Build.0 = Debug|Any CPU
		{C7F51726-095B-4D3A-BA99-7DB0CEEE3132}.Release|Any CPU.ActiveCfg = Release|Any CPU
		{C7F51726-095B-4D3A-BA99-7DB0CEEE3132}.Release|Any CPU.Build.0 = Release|Any CPU
		{8EF24FB5-3A2C-4DCB-9336-3C3F7807688B}.Debug|Any CPU.ActiveCfg = Debug|Any CPU
		{8EF24FB5-3A2C-4DCB-9336-3C3F7807688B}.Debug|Any CPU.Build.0 = Debug|Any CPU
		{8EF24FB5-3A2C-4DCB-9336-3C3F7807688B}.Release|Any CPU.ActiveCfg = Release|Any CPU
		{8EF24FB5-3A2C-4DCB-9336-3C3F7807688B}.Release|Any CPU.Build.0 = Release|Any CPU
		{C4AA8407-E47E-4C6A-B12C-F80603D1E425}.Debug|Any CPU.ActiveCfg = Debug|Any CPU
		{C4AA8407-E47E-4C6A-B12C-F80603D1E425}.Debug|Any CPU.Build.0 = Debug|Any CPU
		{C4AA8407-E47E-4C6A-B12C-F80603D1E425}.Release|Any CPU.ActiveCfg = Release|Any CPU
		{C4AA8407-E47E-4C6A-B12C-F80603D1E425}.Release|Any CPU.Build.0 = Release|Any CPU
		{D73B96D5-C33C-4050-876D-38A6F6B3DD9C}.Debug|Any CPU.ActiveCfg = Debug|Any CPU
		{D73B96D5-C33C-4050-876D-38A6F6B3DD9C}.Debug|Any CPU.Build.0 = Debug|Any CPU
		{D73B96D5-C33C-4050-876D-38A6F6B3DD9C}.Release|Any CPU.ActiveCfg = Release|Any CPU
		{D73B96D5-C33C-4050-876D-38A6F6B3DD9C}.Release|Any CPU.Build.0 = Release|Any CPU
		{9C276BD4-CA2A-4947-91CF-98CB64DB38A7}.Debug|Any CPU.ActiveCfg = Debug|Any CPU
		{9C276BD4-CA2A-4947-91CF-98CB64DB38A7}.Debug|Any CPU.Build.0 = Debug|Any CPU
		{9C276BD4-CA2A-4947-91CF-98CB64DB38A7}.Release|Any CPU.ActiveCfg = Release|Any CPU
		{9C276BD4-CA2A-4947-91CF-98CB64DB38A7}.Release|Any CPU.Build.0 = Release|Any CPU
		{A63D1C89-AA18-4096-9981-B6ADB1F33BD9}.Debug|Any CPU.ActiveCfg = Debug|Any CPU
		{A63D1C89-AA18-4096-9981-B6ADB1F33BD9}.Debug|Any CPU.Build.0 = Debug|Any CPU
		{A63D1C89-AA18-4096-9981-B6ADB1F33BD9}.Release|Any CPU.ActiveCfg = Release|Any CPU
		{A63D1C89-AA18-4096-9981-B6ADB1F33BD9}.Release|Any CPU.Build.0 = Release|Any CPU
		{5039AFEC-0C72-4AE5-A4C7-EC7641A05937}.Debug|Any CPU.ActiveCfg = Debug|Any CPU
		{5039AFEC-0C72-4AE5-A4C7-EC7641A05937}.Debug|Any CPU.Build.0 = Debug|Any CPU
		{5039AFEC-0C72-4AE5-A4C7-EC7641A05937}.Release|Any CPU.ActiveCfg = Release|Any CPU
		{5039AFEC-0C72-4AE5-A4C7-EC7641A05937}.Release|Any CPU.Build.0 = Release|Any CPU
		{DE189179-3FB4-418B-9601-B46E035EFC99}.Debug|Any CPU.ActiveCfg = Debug|Any CPU
		{DE189179-3FB4-418B-9601-B46E035EFC99}.Debug|Any CPU.Build.0 = Debug|Any CPU
		{DE189179-3FB4-418B-9601-B46E035EFC99}.Release|Any CPU.ActiveCfg = Release|Any CPU
		{DE189179-3FB4-418B-9601-B46E035EFC99}.Release|Any CPU.Build.0 = Release|Any CPU
	EndGlobalSection
	GlobalSection(SolutionProperties) = preSolution
		HideSolutionNode = FALSE
	EndGlobalSection
	GlobalSection(ExtensibilityGlobals) = postSolution
		SolutionGuid = {0EC8FE56-5079-4E52-9BF8-8CBA56AA214D}
	EndGlobalSection
EndGlobal
